
Microsoft Visual Studio Solution File, Format Version 12.00
# Visual Studio Version 17
VisualStudioVersion = 17.4.33122.133
MinimumVisualStudioVersion = 10.0.40219.1
Project("{FAE04EC0-301F-11D3-BF4B-00C04F79EFBC}") = "Presentation", "Presentation\Presentation.csproj", "{FE4BA9E1-651A-473F-ACEE-FD6DDAEC99D9}"
EndProject
Global
	GlobalSection(SolutionConfigurationPlatforms) = preSolution
		Debug|Any CPU = Debug|Any CPU
		Release|Any CPU = Release|Any CPU
	EndGlobalSection
	GlobalSection(ProjectConfigurationPlatforms) = postSolution
		{FE4BA9E1-651A-473F-ACEE-FD6DDAEC99D9}.Debug|Any CPU.ActiveCfg = Debug|Any CPU
		{FE4BA9E1-651A-473F-ACEE-FD6DDAEC99D9}.Debug|Any CPU.Build.0 = Debug|Any CPU
		{FE4BA9E1-651A-473F-ACEE-FD6DDAEC99D9}.Release|Any CPU.ActiveCfg = Release|Any CPU
		{FE4BA9E1-651A-473F-ACEE-FD6DDAEC99D9}.Release|Any CPU.Build.0 = Release|Any CPU
	EndGlobalSection
	GlobalSection(SolutionProperties) = preSolution
		HideSolutionNode = FALSE
	EndGlobalSection
	GlobalSection(ExtensibilityGlobals) = postSolution
		SolutionGuid = {758E3721-508E-48DE-8D71-C6AD29B63504}
	EndGlobalSection
EndGlobal
