
Microsoft Visual Studio Solution File, Format Version 12.00
# Visual Studio Version 17
VisualStudioVersion = 17.4.33122.133
MinimumVisualStudioVersion = 10.0.40219.1
Project("{9A19103F-16F7-4668-BE54-9A1E7A4F7556}") = "Presentation", "Presentation\Presentation.csproj", "{FE4BA9E1-651A-473F-ACEE-FD6DDAEC99D9}"
EndProject
Project("{9A19103F-16F7-4668-BE54-9A1E7A4F7556}") = "Model", "Model\Model.csproj", "{7641E2D8-4C23-4CDF-B4CC-C461B43774FC}"
EndProject
Project("{9A19103F-16F7-4668-BE54-9A1E7A4F7556}") = "Infrastructure", "Infrastructure\Infrastructure.csproj", "{9656BEE8-2BFE-4E2F-8BAA-64A4BF9C42B6}"
EndProject
Project("{9A19103F-16F7-4668-BE54-9A1E7A4F7556}") = "Services", "Services\Services.csproj", "{57444099-7F1C-40E7-9208-BD970DDCC616}"
EndProject
Project("{9A19103F-16F7-4668-BE54-9A1E7A4F7556}") = "ServicesTests", "ServicesTests\ServicesTests.csproj", "{569636C3-1685-4B26-A298-787C792C356F}"
EndProject
Project("{FAE04EC0-301F-11D3-BF4B-00C04F79EFBC}") = "ViewModels", "ViewModels\ViewModels.csproj", "{77800B20-9CC0-4D2B-B2DE-9DBE887FF075}"
EndProject
Global
	GlobalSection(SolutionConfigurationPlatforms) = preSolution
		Debug|Any CPU = Debug|Any CPU
		Release|Any CPU = Release|Any CPU
	EndGlobalSection
	GlobalSection(ProjectConfigurationPlatforms) = postSolution
		{FE4BA9E1-651A-473F-ACEE-FD6DDAEC99D9}.Debug|Any CPU.ActiveCfg = Debug|Any CPU
		{FE4BA9E1-651A-473F-ACEE-FD6DDAEC99D9}.Debug|Any CPU.Build.0 = Debug|Any CPU
		{FE4BA9E1-651A-473F-ACEE-FD6DDAEC99D9}.Release|Any CPU.ActiveCfg = Release|Any CPU
		{FE4BA9E1-651A-473F-ACEE-FD6DDAEC99D9}.Release|Any CPU.Build.0 = Release|Any CPU
		{7641E2D8-4C23-4CDF-B4CC-C461B43774FC}.Debug|Any CPU.ActiveCfg = Debug|Any CPU
		{7641E2D8-4C23-4CDF-B4CC-C461B43774FC}.Debug|Any CPU.Build.0 = Debug|Any CPU
		{7641E2D8-4C23-4CDF-B4CC-C461B43774FC}.Release|Any CPU.ActiveCfg = Release|Any CPU
		{7641E2D8-4C23-4CDF-B4CC-C461B43774FC}.Release|Any CPU.Build.0 = Release|Any CPU
		{9656BEE8-2BFE-4E2F-8BAA-64A4BF9C42B6}.Debug|Any CPU.ActiveCfg = Debug|Any CPU
		{9656BEE8-2BFE-4E2F-8BAA-64A4BF9C42B6}.Debug|Any CPU.Build.0 = Debug|Any CPU
		{9656BEE8-2BFE-4E2F-8BAA-64A4BF9C42B6}.Release|Any CPU.ActiveCfg = Release|Any CPU
		{9656BEE8-2BFE-4E2F-8BAA-64A4BF9C42B6}.Release|Any CPU.Build.0 = Release|Any CPU
		{57444099-7F1C-40E7-9208-BD970DDCC616}.Debug|Any CPU.ActiveCfg = Debug|Any CPU
		{57444099-7F1C-40E7-9208-BD970DDCC616}.Debug|Any CPU.Build.0 = Debug|Any CPU
		{57444099-7F1C-40E7-9208-BD970DDCC616}.Release|Any CPU.ActiveCfg = Release|Any CPU
		{57444099-7F1C-40E7-9208-BD970DDCC616}.Release|Any CPU.Build.0 = Release|Any CPU
		{569636C3-1685-4B26-A298-787C792C356F}.Debug|Any CPU.ActiveCfg = Debug|Any CPU
		{569636C3-1685-4B26-A298-787C792C356F}.Debug|Any CPU.Build.0 = Debug|Any CPU
		{569636C3-1685-4B26-A298-787C792C356F}.Release|Any CPU.ActiveCfg = Release|Any CPU
		{569636C3-1685-4B26-A298-787C792C356F}.Release|Any CPU.Build.0 = Release|Any CPU
		{77800B20-9CC0-4D2B-B2DE-9DBE887FF075}.Debug|Any CPU.ActiveCfg = Debug|Any CPU
		{77800B20-9CC0-4D2B-B2DE-9DBE887FF075}.Debug|Any CPU.Build.0 = Debug|Any CPU
		{77800B20-9CC0-4D2B-B2DE-9DBE887FF075}.Release|Any CPU.ActiveCfg = Release|Any CPU
		{77800B20-9CC0-4D2B-B2DE-9DBE887FF075}.Release|Any CPU.Build.0 = Release|Any CPU
	EndGlobalSection
	GlobalSection(SolutionProperties) = preSolution
		HideSolutionNode = FALSE
	EndGlobalSection
	GlobalSection(ExtensibilityGlobals) = postSolution
		SolutionGuid = {758E3721-508E-48DE-8D71-C6AD29B63504}
	EndGlobalSection
EndGlobal
